
Microsoft Visual Studio Solution File, Format Version 12.00
# Visual Studio Version 17
VisualStudioVersion = 17.9.34607.119
MinimumVisualStudioVersion = 10.0.40219.1
Project("{9A19103F-16F7-4668-BE54-9A1E7A4F7556}") = "AuctionSystem.Server", "AuctionSystem.Server\AuctionSystem.Server.csproj", "{45A49FD3-2064-438A-AEDC-671CFE0D29C3}"
EndProject
Project("{9A19103F-16F7-4668-BE54-9A1E7A4F7556}") = "AuctionSystem.Core", "AuctionSystem.Core\AuctionSystem.Core.csproj", "{C94959EA-5668-434A-B63F-F5F2B838CC7F}"
EndProject
Global
	GlobalSection(SolutionConfigurationPlatforms) = preSolution
		Debug|Any CPU = Debug|Any CPU
		Release|Any CPU = Release|Any CPU
	EndGlobalSection
	GlobalSection(ProjectConfigurationPlatforms) = postSolution
		{45A49FD3-2064-438A-AEDC-671CFE0D29C3}.Debug|Any CPU.ActiveCfg = Debug|Any CPU
		{45A49FD3-2064-438A-AEDC-671CFE0D29C3}.Debug|Any CPU.Build.0 = Debug|Any CPU
		{45A49FD3-2064-438A-AEDC-671CFE0D29C3}.Release|Any CPU.ActiveCfg = Release|Any CPU
		{45A49FD3-2064-438A-AEDC-671CFE0D29C3}.Release|Any CPU.Build.0 = Release|Any CPU
		{C94959EA-5668-434A-B63F-F5F2B838CC7F}.Debug|Any CPU.ActiveCfg = Debug|Any CPU
		{C94959EA-5668-434A-B63F-F5F2B838CC7F}.Debug|Any CPU.Build.0 = Debug|Any CPU
		{C94959EA-5668-434A-B63F-F5F2B838CC7F}.Release|Any CPU.ActiveCfg = Release|Any CPU
		{C94959EA-5668-434A-B63F-F5F2B838CC7F}.Release|Any CPU.Build.0 = Release|Any CPU
	EndGlobalSection
	GlobalSection(SolutionProperties) = preSolution
		HideSolutionNode = FALSE
	EndGlobalSection
	GlobalSection(ExtensibilityGlobals) = postSolution
		SolutionGuid = {03DB9941-87FC-49AE-B15F-237C4C8EF107}
	EndGlobalSection
EndGlobal
